
Microsoft Visual Studio Solution File, Format Version 12.00
# Visual Studio 15
VisualStudioVersion = 15.0.27004.2010
MinimumVisualStudioVersion = 10.0.40219.1
Project("{FAE04EC0-301F-11D3-BF4B-00C04F79EFBC}") = "OrgBot", "OrgBot\OrgBot.csproj", "{7A8DF5E8-EA27-4C15-8DD5-D6F26B63F5FF}"
EndProject
Global
	GlobalSection(SolutionConfigurationPlatforms) = preSolution
		Debug|Any CPU = Debug|Any CPU
		Release|Any CPU = Release|Any CPU
	EndGlobalSection
	GlobalSection(ProjectConfigurationPlatforms) = postSolution
		{7A8DF5E8-EA27-4C15-8DD5-D6F26B63F5FF}.Debug|Any CPU.ActiveCfg = Debug|Any CPU
		{7A8DF5E8-EA27-4C15-8DD5-D6F26B63F5FF}.Debug|Any CPU.Build.0 = Debug|Any CPU
		{7A8DF5E8-EA27-4C15-8DD5-D6F26B63F5FF}.Release|Any CPU.ActiveCfg = Release|Any CPU
		{7A8DF5E8-EA27-4C15-8DD5-D6F26B63F5FF}.Release|Any CPU.Build.0 = Release|Any CPU
	EndGlobalSection
	GlobalSection(SolutionProperties) = preSolution
		HideSolutionNode = FALSE
	EndGlobalSection
	GlobalSection(ExtensibilityGlobals) = postSolution
		SolutionGuid = {46CFC7DE-6E80-473E-A784-8E345D055D1C}
	EndGlobalSection
EndGlobal
